
Microsoft Visual Studio Solution File, Format Version 12.00
# Visual Studio Version 17
VisualStudioVersion = 17.0.31903.59
MinimumVisualStudioVersion = 10.0.40219.1
Project("{FAE04EC0-301F-11D3-BF4B-00C04F79EFBC}") = "PdBinarySerializer", "PdBinarySerializer\PdBinarySerializer.csproj", "{A6D46C33-5CD5-476A-84FF-5F52657076BD}"
EndProject
Project("{FAE04EC0-301F-11D3-BF4B-00C04F79EFBC}") = "PdBinarySerializer.Tests", "PdBinarySerializer.Tests\PdBinarySerializer.Tests.csproj", "{7E5C87EF-0B8B-4CC5-A341-7FD4C9506AD8}"
EndProject
Global
	GlobalSection(SolutionConfigurationPlatforms) = preSolution
		Debug|Any CPU = Debug|Any CPU
		Release|Any CPU = Release|Any CPU
	EndGlobalSection
	GlobalSection(SolutionProperties) = preSolution
		HideSolutionNode = FALSE
	EndGlobalSection
	GlobalSection(ProjectConfigurationPlatforms) = postSolution
		{A6D46C33-5CD5-476A-84FF-5F52657076BD}.Debug|Any CPU.ActiveCfg = Debug|Any CPU
		{A6D46C33-5CD5-476A-84FF-5F52657076BD}.Debug|Any CPU.Build.0 = Debug|Any CPU
		{A6D46C33-5CD5-476A-84FF-5F52657076BD}.Release|Any CPU.ActiveCfg = Release|Any CPU
		{A6D46C33-5CD5-476A-84FF-5F52657076BD}.Release|Any CPU.Build.0 = Release|Any CPU
		{7E5C87EF-0B8B-4CC5-A341-7FD4C9506AD8}.Debug|Any CPU.ActiveCfg = Debug|Any CPU
		{7E5C87EF-0B8B-4CC5-A341-7FD4C9506AD8}.Debug|Any CPU.Build.0 = Debug|Any CPU
		{7E5C87EF-0B8B-4CC5-A341-7FD4C9506AD8}.Release|Any CPU.ActiveCfg = Debug|Any CPU
		{7E5C87EF-0B8B-4CC5-A341-7FD4C9506AD8}.Release|Any CPU.Build.0 = Debug|Any CPU
	EndGlobalSection
EndGlobal
